
Microsoft Visual Studio Solution File, Format Version 12.00
# Visual Studio Version 16
VisualStudioVersion = 16.0.31702.278
MinimumVisualStudioVersion = 10.0.40219.1
Project("{FAE04EC0-301F-11D3-BF4B-00C04F79EFBC}") = "SDPTask4B", "SDPTask4B.csproj", "{D0C2391F-5D63-4571-804B-6C3C2689EAF0}"
EndProject
Global
	GlobalSection(SolutionConfigurationPlatforms) = preSolution
		Debug|Any CPU = Debug|Any CPU
		Release|Any CPU = Release|Any CPU
	EndGlobalSection
	GlobalSection(ProjectConfigurationPlatforms) = postSolution
		{D0C2391F-5D63-4571-804B-6C3C2689EAF0}.Debug|Any CPU.ActiveCfg = Debug|Any CPU
		{D0C2391F-5D63-4571-804B-6C3C2689EAF0}.Debug|Any CPU.Build.0 = Debug|Any CPU
		{D0C2391F-5D63-4571-804B-6C3C2689EAF0}.Release|Any CPU.ActiveCfg = Release|Any CPU
		{D0C2391F-5D63-4571-804B-6C3C2689EAF0}.Release|Any CPU.Build.0 = Release|Any CPU
	EndGlobalSection
	GlobalSection(SolutionProperties) = preSolution
		HideSolutionNode = FALSE
	EndGlobalSection
	GlobalSection(ExtensibilityGlobals) = postSolution
		SolutionGuid = {7E402858-9D3F-4819-B80E-497BFAF50697}
	EndGlobalSection
EndGlobal
